
Microsoft Visual Studio Solution File, Format Version 12.00
# Visual Studio Version 17
VisualStudioVersion = 17.5.002.0
MinimumVisualStudioVersion = 10.0.40219.1
Project("{2150E333-8FDC-42A3-9474-1A3956D46DE8}") = "sandbox", "sandbox", "{93FF06FB-1C45-48A7-B7EC-9CC72A8BAC7F}"
EndProject
Project("{9A19103F-16F7-4668-BE54-9A1E7A4F7556}") = "sandbox_project", "sandbox\sandbox_project\sandbox_project.csproj", "{22ABDD04-8B00-4F55-B64A-B4E67607F6B4}"
EndProject
Project("{2150E333-8FDC-42A3-9474-1A3956D46DE8}") = "week01", "week01", "{43DCD371-6836-42A6-BF40-7B5B9F524BDC}"
EndProject
Project("{9A19103F-16F7-4668-BE54-9A1E7A4F7556}") = "analyze", "week01\analyze\analyze.csproj", "{ADE4CA5C-8B33-4CF3-948E-6587C660BBE8}"
EndProject
Project("{9A19103F-16F7-4668-BE54-9A1E7A4F7556}") = "code", "week01\code\code.csproj", "{4AF6A119-7511-4D5F-A0FA-137D4CFA51C1}"
EndProject
Project("{9A19103F-16F7-4668-BE54-9A1E7A4F7556}") = "teach", "week01\teach\teach.csproj", "{E5367293-BE33-4C9F-8394-75C9CC2C4720}"
EndProject
Project("{2150E333-8FDC-42A3-9474-1A3956D46DE8}") = "week02", "week02", "{E177328B-BD01-4DCB-A9F3-AFE27A96209C}"
EndProject
Project("{9A19103F-16F7-4668-BE54-9A1E7A4F7556}") = "analyze", "week02\analyze\analyze.csproj", "{BDE9E9EE-B9BB-4DFE-ACD4-05E8FC8DD24E}"
EndProject
Project("{9A19103F-16F7-4668-BE54-9A1E7A4F7556}") = "code", "week02\code\code.csproj", "{7C0682D3-6C0E-43FF-991F-4803A52DAB73}"
EndProject
Project("{9A19103F-16F7-4668-BE54-9A1E7A4F7556}") = "learn", "week02\learn\learn.csproj", "{ECDB6468-2529-4907-BF99-6FC76A955FD6}"
EndProject
Project("{9A19103F-16F7-4668-BE54-9A1E7A4F7556}") = "teach", "week02\teach\teach.csproj", "{BD946F89-0D85-460C-BB4E-19B9FF454A9F}"
EndProject
Project("{2150E333-8FDC-42A3-9474-1A3956D46DE8}") = "week03", "week03", "{2583D2DC-99C1-48DC-9FE0-6AC1051DE490}"
EndProject
Project("{9A19103F-16F7-4668-BE54-9A1E7A4F7556}") = "code", "week03\code\code.csproj", "{3412B337-0E24-4668-96CC-E2DEA37134B2}"
EndProject
Project("{9A19103F-16F7-4668-BE54-9A1E7A4F7556}") = "learn", "week03\learn\learn.csproj", "{EA888C77-AB74-466F-B989-C9360A417D44}"
EndProject
Project("{9A19103F-16F7-4668-BE54-9A1E7A4F7556}") = "teach", "week03\teach\teach.csproj", "{55819C02-D2C5-4DC7-8E5A-0A7F710EE6B3}"
EndProject
Project("{2150E333-8FDC-42A3-9474-1A3956D46DE8}") = "week04", "week04", "{CD260F62-7C26-4AA6-B4D3-7B7E831E1A00}"
EndProject
Project("{9A19103F-16F7-4668-BE54-9A1E7A4F7556}") = "code", "week04\code\code.csproj", "{C19A09A7-B4EC-4402-B414-E517A504ECEE}"
EndProject
Project("{2150E333-8FDC-42A3-9474-1A3956D46DE8}") = "week05", "week05", "{BF95962D-ABB0-4A63-979C-FE2A21ED768E}"
EndProject
Project("{9A19103F-16F7-4668-BE54-9A1E7A4F7556}") = "code", "week05\code\code.csproj", "{02196460-DA29-4C85-9B6A-11709E818D91}"
EndProject
Project("{2150E333-8FDC-42A3-9474-1A3956D46DE8}") = "week06", "week06", "{44B3B543-2B81-4593-82ED-87596BB91A2D}"
EndProject
Project("{9A19103F-16F7-4668-BE54-9A1E7A4F7556}") = "code", "week06\code\code.csproj", "{76B7D3FD-AB1D-4DF5-BFB2-FEA2A8828C9A}"
EndProject
Global
	GlobalSection(SolutionConfigurationPlatforms) = preSolution
		Debug|Any CPU = Debug|Any CPU
		Release|Any CPU = Release|Any CPU
	EndGlobalSection
	GlobalSection(ProjectConfigurationPlatforms) = postSolution
		{22ABDD04-8B00-4F55-B64A-B4E67607F6B4}.Debug|Any CPU.ActiveCfg = Debug|Any CPU
		{22ABDD04-8B00-4F55-B64A-B4E67607F6B4}.Debug|Any CPU.Build.0 = Debug|Any CPU
		{22ABDD04-8B00-4F55-B64A-B4E67607F6B4}.Release|Any CPU.ActiveCfg = Release|Any CPU
		{22ABDD04-8B00-4F55-B64A-B4E67607F6B4}.Release|Any CPU.Build.0 = Release|Any CPU
		{ADE4CA5C-8B33-4CF3-948E-6587C660BBE8}.Debug|Any CPU.ActiveCfg = Debug|Any CPU
		{ADE4CA5C-8B33-4CF3-948E-6587C660BBE8}.Debug|Any CPU.Build.0 = Debug|Any CPU
		{ADE4CA5C-8B33-4CF3-948E-6587C660BBE8}.Release|Any CPU.ActiveCfg = Release|Any CPU
		{ADE4CA5C-8B33-4CF3-948E-6587C660BBE8}.Release|Any CPU.Build.0 = Release|Any CPU
		{4AF6A119-7511-4D5F-A0FA-137D4CFA51C1}.Debug|Any CPU.ActiveCfg = Debug|Any CPU
		{4AF6A119-7511-4D5F-A0FA-137D4CFA51C1}.Debug|Any CPU.Build.0 = Debug|Any CPU
		{4AF6A119-7511-4D5F-A0FA-137D4CFA51C1}.Release|Any CPU.ActiveCfg = Release|Any CPU
		{4AF6A119-7511-4D5F-A0FA-137D4CFA51C1}.Release|Any CPU.Build.0 = Release|Any CPU
		{E5367293-BE33-4C9F-8394-75C9CC2C4720}.Debug|Any CPU.ActiveCfg = Debug|Any CPU
		{E5367293-BE33-4C9F-8394-75C9CC2C4720}.Debug|Any CPU.Build.0 = Debug|Any CPU
		{E5367293-BE33-4C9F-8394-75C9CC2C4720}.Release|Any CPU.ActiveCfg = Release|Any CPU
		{E5367293-BE33-4C9F-8394-75C9CC2C4720}.Release|Any CPU.Build.0 = Release|Any CPU
		{BDE9E9EE-B9BB-4DFE-ACD4-05E8FC8DD24E}.Debug|Any CPU.ActiveCfg = Debug|Any CPU
		{BDE9E9EE-B9BB-4DFE-ACD4-05E8FC8DD24E}.Debug|Any CPU.Build.0 = Debug|Any CPU
		{BDE9E9EE-B9BB-4DFE-ACD4-05E8FC8DD24E}.Release|Any CPU.ActiveCfg = Release|Any CPU
		{BDE9E9EE-B9BB-4DFE-ACD4-05E8FC8DD24E}.Release|Any CPU.Build.0 = Release|Any CPU
		{7C0682D3-6C0E-43FF-991F-4803A52DAB73}.Debug|Any CPU.ActiveCfg = Debug|Any CPU
		{7C0682D3-6C0E-43FF-991F-4803A52DAB73}.Debug|Any CPU.Build.0 = Debug|Any CPU
		{7C0682D3-6C0E-43FF-991F-4803A52DAB73}.Release|Any CPU.ActiveCfg = Release|Any CPU
		{7C0682D3-6C0E-43FF-991F-4803A52DAB73}.Release|Any CPU.Build.0 = Release|Any CPU
		{ECDB6468-2529-4907-BF99-6FC76A955FD6}.Debug|Any CPU.ActiveCfg = Debug|Any CPU
		{ECDB6468-2529-4907-BF99-6FC76A955FD6}.Debug|Any CPU.Build.0 = Debug|Any CPU
		{ECDB6468-2529-4907-BF99-6FC76A955FD6}.Release|Any CPU.ActiveCfg = Release|Any CPU
		{ECDB6468-2529-4907-BF99-6FC76A955FD6}.Release|Any CPU.Build.0 = Release|Any CPU
		{BD946F89-0D85-460C-BB4E-19B9FF454A9F}.Debug|Any CPU.ActiveCfg = Debug|Any CPU
		{BD946F89-0D85-460C-BB4E-19B9FF454A9F}.Debug|Any CPU.Build.0 = Debug|Any CPU
		{BD946F89-0D85-460C-BB4E-19B9FF454A9F}.Release|Any CPU.ActiveCfg = Release|Any CPU
		{BD946F89-0D85-460C-BB4E-19B9FF454A9F}.Release|Any CPU.Build.0 = Release|Any CPU
		{3412B337-0E24-4668-96CC-E2DEA37134B2}.Debug|Any CPU.ActiveCfg = Debug|Any CPU
		{3412B337-0E24-4668-96CC-E2DEA37134B2}.Debug|Any CPU.Build.0 = Debug|Any CPU
		{3412B337-0E24-4668-96CC-E2DEA37134B2}.Release|Any CPU.ActiveCfg = Release|Any CPU
		{3412B337-0E24-4668-96CC-E2DEA37134B2}.Release|Any CPU.Build.0 = Release|Any CPU
		{EA888C77-AB74-466F-B989-C9360A417D44}.Debug|Any CPU.ActiveCfg = Debug|Any CPU
		{EA888C77-AB74-466F-B989-C9360A417D44}.Debug|Any CPU.Build.0 = Debug|Any CPU
		{EA888C77-AB74-466F-B989-C9360A417D44}.Release|Any CPU.ActiveCfg = Release|Any CPU
		{EA888C77-AB74-466F-B989-C9360A417D44}.Release|Any CPU.Build.0 = Release|Any CPU
		{55819C02-D2C5-4DC7-8E5A-0A7F710EE6B3}.Debug|Any CPU.ActiveCfg = Debug|Any CPU
		{55819C02-D2C5-4DC7-8E5A-0A7F710EE6B3}.Debug|Any CPU.Build.0 = Debug|Any CPU
		{55819C02-D2C5-4DC7-8E5A-0A7F710EE6B3}.Release|Any CPU.ActiveCfg = Release|Any CPU
		{55819C02-D2C5-4DC7-8E5A-0A7F710EE6B3}.Release|Any CPU.Build.0 = Release|Any CPU
		{C19A09A7-B4EC-4402-B414-E517A504ECEE}.Debug|Any CPU.ActiveCfg = Debug|Any CPU
		{C19A09A7-B4EC-4402-B414-E517A504ECEE}.Debug|Any CPU.Build.0 = Debug|Any CPU
		{C19A09A7-B4EC-4402-B414-E517A504ECEE}.Release|Any CPU.ActiveCfg = Release|Any CPU
		{C19A09A7-B4EC-4402-B414-E517A504ECEE}.Release|Any CPU.Build.0 = Release|Any CPU
		{02196460-DA29-4C85-9B6A-11709E818D91}.Debug|Any CPU.ActiveCfg = Debug|Any CPU
		{02196460-DA29-4C85-9B6A-11709E818D91}.Debug|Any CPU.Build.0 = Debug|Any CPU
		{02196460-DA29-4C85-9B6A-11709E818D91}.Release|Any CPU.ActiveCfg = Release|Any CPU
		{02196460-DA29-4C85-9B6A-11709E818D91}.Release|Any CPU.Build.0 = Release|Any CPU
		{76B7D3FD-AB1D-4DF5-BFB2-FEA2A8828C9A}.Debug|Any CPU.ActiveCfg = Debug|Any CPU
		{76B7D3FD-AB1D-4DF5-BFB2-FEA2A8828C9A}.Debug|Any CPU.Build.0 = Debug|Any CPU
		{76B7D3FD-AB1D-4DF5-BFB2-FEA2A8828C9A}.Release|Any CPU.ActiveCfg = Release|Any CPU
		{76B7D3FD-AB1D-4DF5-BFB2-FEA2A8828C9A}.Release|Any CPU.Build.0 = Release|Any CPU
	EndGlobalSection
	GlobalSection(SolutionProperties) = preSolution
		HideSolutionNode = FALSE
	EndGlobalSection
	GlobalSection(NestedProjects) = preSolution
		{22ABDD04-8B00-4F55-B64A-B4E67607F6B4} = {93FF06FB-1C45-48A7-B7EC-9CC72A8BAC7F}
		{ADE4CA5C-8B33-4CF3-948E-6587C660BBE8} = {43DCD371-6836-42A6-BF40-7B5B9F524BDC}
		{4AF6A119-7511-4D5F-A0FA-137D4CFA51C1} = {43DCD371-6836-42A6-BF40-7B5B9F524BDC}
		{E5367293-BE33-4C9F-8394-75C9CC2C4720} = {43DCD371-6836-42A6-BF40-7B5B9F524BDC}
		{BDE9E9EE-B9BB-4DFE-ACD4-05E8FC8DD24E} = {E177328B-BD01-4DCB-A9F3-AFE27A96209C}
		{7C0682D3-6C0E-43FF-991F-4803A52DAB73} = {E177328B-BD01-4DCB-A9F3-AFE27A96209C}
		{ECDB6468-2529-4907-BF99-6FC76A955FD6} = {E177328B-BD01-4DCB-A9F3-AFE27A96209C}
		{BD946F89-0D85-460C-BB4E-19B9FF454A9F} = {E177328B-BD01-4DCB-A9F3-AFE27A96209C}
		{3412B337-0E24-4668-96CC-E2DEA37134B2} = {2583D2DC-99C1-48DC-9FE0-6AC1051DE490}
		{EA888C77-AB74-466F-B989-C9360A417D44} = {2583D2DC-99C1-48DC-9FE0-6AC1051DE490}
		{55819C02-D2C5-4DC7-8E5A-0A7F710EE6B3} = {2583D2DC-99C1-48DC-9FE0-6AC1051DE490}
		{C19A09A7-B4EC-4402-B414-E517A504ECEE} = {CD260F62-7C26-4AA6-B4D3-7B7E831E1A00}
		{02196460-DA29-4C85-9B6A-11709E818D91} = {BF95962D-ABB0-4A63-979C-FE2A21ED768E}
		{76B7D3FD-AB1D-4DF5-BFB2-FEA2A8828C9A} = {44B3B543-2B81-4593-82ED-87596BB91A2D}
	EndGlobalSection
	GlobalSection(ExtensibilityGlobals) = postSolution
		SolutionGuid = {16158088-AAA0-432B-A884-CB80542AAEAE}
	EndGlobalSection
EndGlobal
